# THIS IS AN AUTOGENERATED FILE. DO NOT EDIT THIS FILE DIRECTLY.
# yarn lockfile v1


"@babel/runtime@^7.11.2", "@babel/runtime@^7.12.5", "@babel/runtime@^7.5.5", "@babel/runtime@^7.9.2":
  "integrity" "sha1-RnlLwgthLF915i3QceJN/ZXxy+Y="
  "resolved" "https://registry.nlark.com/@babel/runtime/download/@babel/runtime-7.14.0.tgz?cache=0&sync_timestamp=1619727501090&other_urls=https%3A%2F%2Fregistry.nlark.com%2F%40babel%2Fruntime%2Fdownload%2F%40babel%2Fruntime-7.14.0.tgz"
  "version" "7.14.0"
  dependencies:
    "regenerator-runtime" "^0.13.4"

"@videojs/http-streaming@2.6.4":
  "integrity" "sha1-o9nrYrAsbkhDnwM2dew6b1+M2yU="
  "resolved" "https://registry.nlark.com/@videojs/http-streaming/download/@videojs/http-streaming-2.6.4.tgz?cache=0&sync_timestamp=1619632855281&other_urls=https%3A%2F%2Fregistry.nlark.com%2F%40videojs%2Fhttp-streaming%2Fdownload%2F%40videojs%2Fhttp-streaming-2.6.4.tgz"
  "version" "2.6.4"
  dependencies:
    "@babel/runtime" "^7.12.5"
    "@videojs/vhs-utils" "^3.0.0"
    "aes-decrypter" "3.1.2"
    "global" "^4.4.0"
    "m3u8-parser" "4.5.2"
    "mpd-parser" "0.15.4"
    "mux.js" "5.10.0"
    "video.js" "^6 || ^7"

"@videojs/vhs-utils@^3.0.0":
  "integrity" "sha1-a9e1MJiD3LrMsPdmsICUvCveXbw="
  "resolved" "https://registry.nlark.com/@videojs/vhs-utils/download/@videojs/vhs-utils-3.0.1.tgz"
  "version" "3.0.1"
  dependencies:
    "@babel/runtime" "^7.12.5"
    "global" "^4.4.0"
    "url-toolkit" "^2.2.1"

"@videojs/xhr@2.5.1":
  "integrity" "sha1-JrxaeduzsDv7E3QsbOVZ+J6QcZ4="
  "resolved" "https://registry.npm.taobao.org/@videojs/xhr/download/@videojs/xhr-2.5.1.tgz"
  "version" "2.5.1"
  dependencies:
    "@babel/runtime" "^7.5.5"
    "global" "~4.4.0"
    "is-function" "^1.0.1"

"aes-decrypter@3.1.2":
  "integrity" "sha1-NUVUb46fa4eGQDOaJC7+Ihunp8s="
  "resolved" "https://registry.npm.taobao.org/aes-decrypter/download/aes-decrypter-3.1.2.tgz"
  "version" "3.1.2"
  dependencies:
    "@babel/runtime" "^7.12.5"
    "@videojs/vhs-utils" "^3.0.0"
    "global" "^4.4.0"
    "pkcs7" "^1.0.4"

"base64-arraybuffer@^0.2.0":
  "integrity" "sha1-S5RPrAGRqlkHr+LYyZnMxXzoD0U="
  "resolved" "https://registry.npm.taobao.org/base64-arraybuffer/download/base64-arraybuffer-0.2.0.tgz"
  "version" "0.2.0"

"chainsaw@>=0.0.7 <0.1":
  "integrity" "sha1-EaBRAtHEx4W20EFdM21aOhYSkT4="
  "resolved" "https://registry.npm.taobao.org/chainsaw/download/chainsaw-0.0.9.tgz"
  "version" "0.0.9"
  dependencies:
    "traverse" ">=0.3.0 <0.4"

"css-line-break@1.1.1":
  "integrity" "sha1-1em90peEAJnrBQPHMQ/TSSegJu8="
  "resolved" "https://registry.npm.taobao.org/css-line-break/download/css-line-break-1.1.1.tgz"
  "version" "1.1.1"
  dependencies:
    "base64-arraybuffer" "^0.2.0"

"dom-walk@^0.1.0":
  "integrity" "sha1-DFSL7wSPTR8qlySQAiNgYNqj/YQ="
  "resolved" "https://registry.npm.taobao.org/dom-walk/download/dom-walk-0.1.2.tgz"
  "version" "0.1.2"

"estree-walker@^0.6.1":
  "integrity" "sha1-UwSRQ/QMbrkYsjZx0f4yGfOhs2I="
  "resolved" "https://registry.npm.taobao.org/estree-walker/download/estree-walker-0.6.1.tgz"
  "version" "0.6.1"

"global@^4.3.1", "global@4.3.2":
  "integrity" "sha1-52mJJopsdMOJCLEwWxD8DjlOnQ8="
  "resolved" "https://registry.npm.taobao.org/global/download/global-4.3.2.tgz"
  "version" "4.3.2"
  dependencies:
    "min-document" "^2.19.0"
    "process" "~0.5.1"

"global@^4.4.0":
  "integrity" "sha1-PnsQUXkAajI+1xqvyj6cV6XMZAY="
  "resolved" "https://registry.npm.taobao.org/global/download/global-4.4.0.tgz"
  "version" "4.4.0"
  dependencies:
    "min-document" "^2.19.0"
    "process" "^0.11.10"

"global@~4.4.0":
  "integrity" "sha1-PnsQUXkAajI+1xqvyj6cV6XMZAY="
  "resolved" "https://registry.npm.taobao.org/global/download/global-4.4.0.tgz"
  "version" "4.4.0"
  dependencies:
    "min-document" "^2.19.0"
    "process" "^0.11.10"

"hashish@>=0.0.2 <0.1":
  "integrity" "sha1-bWC8b/r3Ebav1g5CbQd5iAFOZVQ="
  "resolved" "https://registry.npm.taobao.org/hashish/download/hashish-0.0.4.tgz"
  "version" "0.0.4"
  dependencies:
    "traverse" ">=0.2.4"

"html2canvas@^1.0.0-rc.7":
  "integrity" "sha1-cMFZzg5jlUqRFpUxiU0IrVYnrJg="
  "resolved" "https://registry.npm.taobao.org/html2canvas/download/html2canvas-1.0.0-rc.7.tgz"
  "version" "1.0.0-rc.7"
  dependencies:
    "css-line-break" "1.1.1"

"individual@^2.0.0":
  "integrity" "sha1-gzsJfa0jKU52EXqY+zjg2a1hu5c="
  "resolved" "https://registry.npm.taobao.org/individual/download/individual-2.0.0.tgz"
  "version" "2.0.0"

"is-function@^1.0.1":
  "integrity" "sha1-Twl/MKv2762smDOxfKXcA/gUTgg="
  "resolved" "https://registry.npm.taobao.org/is-function/download/is-function-1.0.2.tgz"
  "version" "1.0.2"

"keycode@^2.2.0":
  "integrity" "sha1-PQr1bce4uOXLqNCpfxByBO7CKwQ="
  "resolved" "https://registry.npm.taobao.org/keycode/download/keycode-2.2.0.tgz"
  "version" "2.2.0"

"m3u8-parser@4.5.2":
  "integrity" "sha1-99SKYBEkZuUoMkYkxOZtUu00GnU="
  "resolved" "https://registry.npm.taobao.org/m3u8-parser/download/m3u8-parser-4.5.2.tgz"
  "version" "4.5.2"
  dependencies:
    "@babel/runtime" "^7.12.5"
    "@videojs/vhs-utils" "^3.0.0"
    "global" "^4.4.0"

"magic-string@^0.25.2":
  "integrity" "sha1-P0l9b9NMZpxnmNy4IfLvMfVEUFE="
  "resolved" "https://registry.npm.taobao.org/magic-string/download/magic-string-0.25.7.tgz"
  "version" "0.25.7"
  dependencies:
    "sourcemap-codec" "^1.4.4"

"min-document@^2.19.0":
  "integrity" "sha1-e9KC4/WELtKVu3SM3Z8f+iyCRoU="
  "resolved" "https://registry.npm.taobao.org/min-document/download/min-document-2.19.0.tgz"
  "version" "2.19.0"
  dependencies:
    "dom-walk" "^0.1.0"

"mpd-parser@0.15.4":
  "integrity" "sha1-4bRF0NwqqxOJ/eZCDKnMp8mZV10="
  "resolved" "https://registry.npm.taobao.org/mpd-parser/download/mpd-parser-0.15.4.tgz"
  "version" "0.15.4"
  dependencies:
    "@babel/runtime" "^7.12.5"
    "@videojs/vhs-utils" "^3.0.0"
    "global" "^4.4.0"
    "xmldom" "^0.4.0"

"mux.js@5.10.0":
  "integrity" "sha1-gPsw+SM8eQLKxcyOGuXxnpHPhHc="
  "resolved" "https://registry.npm.taobao.org/mux.js/download/mux.js-5.10.0.tgz"
  "version" "5.10.0"
  dependencies:
    "@babel/runtime" "^7.11.2"

"pkcs7@^1.0.4":
  "integrity" "sha1-YJC55xFg2r9pIJ1xnLr6U4sAocs="
  "resolved" "https://registry.npm.taobao.org/pkcs7/download/pkcs7-1.0.4.tgz"
  "version" "1.0.4"
  dependencies:
    "@babel/runtime" "^7.5.5"

"process@^0.11.10":
  "integrity" "sha1-czIwDoQBYb2j5podHZGn1LwW8YI="
  "resolved" "https://registry.npm.taobao.org/process/download/process-0.11.10.tgz"
  "version" "0.11.10"

"process@~0.5.1":
  "integrity" "sha1-FjjYqONML0QKkduVq5rrZ3/Bhc8="
  "resolved" "https://registry.npm.taobao.org/process/download/process-0.5.2.tgz"
  "version" "0.5.2"

"regenerator-runtime@^0.13.4":
  "integrity" "sha1-ysLazIoepnX+qrrriugziYrkb1U="
  "resolved" "https://registry.nlark.com/regenerator-runtime/download/regenerator-runtime-0.13.7.tgz"
  "version" "0.13.7"

"remove@^0.1.5":
  "integrity" "sha1-CV/9gn1lyfQa2X0z5BanWBEHmVU="
  "resolved" "https://registry.npm.taobao.org/remove/download/remove-0.1.5.tgz"
  "version" "0.1.5"
  dependencies:
    "seq" ">= 0.3.5"

"rollup-plugin-replace@^2.2.0":
  "integrity" "sha1-9BrlNy4R56IXzeNJyLXV/RFecOM="
  "resolved" "https://registry.npm.taobao.org/rollup-plugin-replace/download/rollup-plugin-replace-2.2.0.tgz"
  "version" "2.2.0"
  dependencies:
    "magic-string" "^0.25.2"
    "rollup-pluginutils" "^2.6.0"

"rollup-pluginutils@^2.6.0":
  "integrity" "sha1-cvKvB0i1kjZNvTOJ5gDlqURKNR4="
  "resolved" "https://registry.npm.taobao.org/rollup-pluginutils/download/rollup-pluginutils-2.8.2.tgz"
  "version" "2.8.2"
  dependencies:
    "estree-walker" "^0.6.1"

"rust-result@^1.0.0":
  "integrity" "sha1-NMdbLm3Dn+WHXlveyFteD5FTb3I="
  "resolved" "https://registry.npm.taobao.org/rust-result/download/rust-result-1.0.0.tgz"
  "version" "1.0.0"
  dependencies:
    "individual" "^2.0.0"

"safe-json-parse@4.0.0":
  "integrity" "sha1-fA9XjPzNEtM6ccDgVBPi7KFx6qw="
  "resolved" "https://registry.npm.taobao.org/safe-json-parse/download/safe-json-parse-4.0.0.tgz"
  "version" "4.0.0"
  dependencies:
    "rust-result" "^1.0.0"

"seq@>= 0.3.5":
  "integrity" "sha1-rgKvOkJHk9jMvyEtaRdODFTf/jg="
  "resolved" "https://registry.npm.taobao.org/seq/download/seq-0.3.5.tgz"
  "version" "0.3.5"
  dependencies:
    "chainsaw" ">=0.0.7 <0.1"
    "hashish" ">=0.0.2 <0.1"

"sourcemap-codec@^1.4.4":
  "integrity" "sha1-6oBL2UhXQC5pktBaOO8a41qatMQ="
  "resolved" "https://registry.npm.taobao.org/sourcemap-codec/download/sourcemap-codec-1.4.8.tgz"
  "version" "1.4.8"

"traverse@>=0.2.4", "traverse@>=0.3.0 <0.4":
  "integrity" "sha1-cXuPIgzAu3tE5AUUwisui7xw2Lk="
  "resolved" "https://registry.npm.taobao.org/traverse/download/traverse-0.3.9.tgz"
  "version" "0.3.9"

"url-toolkit@^2.2.1":
  "integrity" "sha1-Ue8ntW0xhxhfns9Kisfo9VIDyJ0="
  "resolved" "https://registry.nlark.com/url-toolkit/download/url-toolkit-2.2.2.tgz?cache=0&sync_timestamp=1619294858074&other_urls=https%3A%2F%2Fregistry.nlark.com%2Furl-toolkit%2Fdownload%2Furl-toolkit-2.2.2.tgz"
  "version" "2.2.2"

"video.js@^6 || ^7", "video.js@^7.11.8":
  "integrity" "sha1-H6J8VvMKQ2sGtE8hVg8iPiZK7FE="
  "resolved" "https://registry.npm.taobao.org/video.js/download/video.js-7.11.8.tgz"
  "version" "7.11.8"
  dependencies:
    "@babel/runtime" "^7.9.2"
    "@videojs/http-streaming" "2.6.4"
    "@videojs/xhr" "2.5.1"
    "global" "4.3.2"
    "keycode" "^2.2.0"
    "remove" "^0.1.5"
    "rollup-plugin-replace" "^2.2.0"
    "safe-json-parse" "4.0.0"
    "videojs-font" "3.2.0"
    "videojs-vtt.js" "^0.15.2"

"videojs-font@3.2.0":
  "integrity" "sha1-ISydP05Ow/pzRRZ9ZDFq3TXpIjI="
  "resolved" "https://registry.npm.taobao.org/videojs-font/download/videojs-font-3.2.0.tgz"
  "version" "3.2.0"

"videojs-vtt.js@^0.15.2":
  "integrity" "sha1-hCYDk7eUh/zxldk3L4Etf6uDqZM="
  "resolved" "https://registry.npm.taobao.org/videojs-vtt.js/download/videojs-vtt.js-0.15.3.tgz"
  "version" "0.15.3"
  dependencies:
    "global" "^4.3.1"

"xmldom@^0.4.0":
  "integrity" "sha1-h3HkgqMzr0RYfjDOAm8JmMI/ODA="
  "resolved" "https://registry.npm.taobao.org/xmldom/download/xmldom-0.4.0.tgz?cache=0&sync_timestamp=1618678919472&other_urls=https%3A%2F%2Fregistry.npm.taobao.org%2Fxmldom%2Fdownload%2Fxmldom-0.4.0.tgz"
  "version" "0.4.0"
